
Microsoft Visual Studio Solution File, Format Version 12.00
# Visual Studio Version 16
VisualStudioVersion = 16.0.30204.135
MinimumVisualStudioVersion = 10.0.40219.1
Project("{FAE04EC0-301F-11D3-BF4B-00C04F79EFBC}") = "Library.API", "Library.API\Library.API.csproj", "{D3270B08-72EE-4A54-902C-E551E23D2475}"
EndProject
Global
	GlobalSection(SolutionConfigurationPlatforms) = preSolution
		Debug|Any CPU = Debug|Any CPU
		Release|Any CPU = Release|Any CPU
	EndGlobalSection
	GlobalSection(ProjectConfigurationPlatforms) = postSolution
		{D3270B08-72EE-4A54-902C-E551E23D2475}.Debug|Any CPU.ActiveCfg = Debug|Any CPU
		{D3270B08-72EE-4A54-902C-E551E23D2475}.Debug|Any CPU.Build.0 = Debug|Any CPU
		{D3270B08-72EE-4A54-902C-E551E23D2475}.Release|Any CPU.ActiveCfg = Release|Any CPU
		{D3270B08-72EE-4A54-902C-E551E23D2475}.Release|Any CPU.Build.0 = Release|Any CPU
	EndGlobalSection
	GlobalSection(SolutionProperties) = preSolution
		HideSolutionNode = FALSE
	EndGlobalSection
	GlobalSection(ExtensibilityGlobals) = postSolution
		SolutionGuid = {57004D66-A723-4B67-BF1A-86052F249F75}
	EndGlobalSection
EndGlobal
